{
  "name": "one-time-redirect",
  "version": "1.0.0",
  "lockfileVersion": 3,
  "requires": true,
  "packages": {
    "": {
      "name": "one-time-redirect",
      "version": "1.0.0",
      "dependencies": {
        "@aws-sdk/client-dynamodb": "^3.0.0",
        "@aws-sdk/lib-dynamodb": "^3.0.0"
      }
    }
  }
}
